
Microsoft Visual Studio Solution File, Format Version 12.00
# Visual Studio 15
VisualStudioVersion = 15.0.28307.271
MinimumVisualStudioVersion = 10.0.40219.1
Project("{FAE04EC0-301F-11D3-BF4B-00C04F79EFBC}") = "EProv_Gustav Jonsson", "EProv_Gustav Jonsson\EProv_Gustav Jonsson.csproj", "{3456A4E3-5982-4473-961A-827800E3E80E}"
EndProject
Project("{FAE04EC0-301F-11D3-BF4B-00C04F79EFBC}") = "ZombiesVsDinosaurs", "..\Dinosaurs vs Zombies E Prov Facit\ZombiesVsDinosaurs\ZombiesVsDinosaurs.csproj", "{12D531FB-A26D-459C-8496-823DE4AFFEA7}"
EndProject
Global
	GlobalSection(SolutionConfigurationPlatforms) = preSolution
		Debug|Any CPU = Debug|Any CPU
		Release|Any CPU = Release|Any CPU
	EndGlobalSection
	GlobalSection(ProjectConfigurationPlatforms) = postSolution
		{3456A4E3-5982-4473-961A-827800E3E80E}.Debug|Any CPU.ActiveCfg = Debug|Any CPU
		{3456A4E3-5982-4473-961A-827800E3E80E}.Debug|Any CPU.Build.0 = Debug|Any CPU
		{3456A4E3-5982-4473-961A-827800E3E80E}.Release|Any CPU.ActiveCfg = Release|Any CPU
		{3456A4E3-5982-4473-961A-827800E3E80E}.Release|Any CPU.Build.0 = Release|Any CPU
		{12D531FB-A26D-459C-8496-823DE4AFFEA7}.Debug|Any CPU.ActiveCfg = Debug|Any CPU
		{12D531FB-A26D-459C-8496-823DE4AFFEA7}.Debug|Any CPU.Build.0 = Debug|Any CPU
		{12D531FB-A26D-459C-8496-823DE4AFFEA7}.Release|Any CPU.ActiveCfg = Release|Any CPU
		{12D531FB-A26D-459C-8496-823DE4AFFEA7}.Release|Any CPU.Build.0 = Release|Any CPU
	EndGlobalSection
	GlobalSection(SolutionProperties) = preSolution
		HideSolutionNode = FALSE
	EndGlobalSection
	GlobalSection(ExtensibilityGlobals) = postSolution
		SolutionGuid = {54D4E5BD-2251-4FC9-9985-55A9DF283B10}
	EndGlobalSection
EndGlobal
